// !$*UTF8*$!
{
	archiveVersion = 1;
	classes = {
	};
	objectVersion = 56;
	objects = {

/* Begin PBXBuildFile section */
		8724B9482F0C231800E6D8D0 /* AppDelegate.swift in Sources */ = {isa = PBXBuildFile; fileRef = 8724B9472F0C231800E6D8D0 /* AppDelegate.swift */; };
		8724B94A2F0C231800E6D8D0 /* SceneDelegate.swift in Sources */ = {isa = PBXBuildFile; fileRef = 8724B9492F0C231800E6D8D0 /* SceneDelegate.swift */; };
		8724B94C2F0C231800E6D8D0 /* ViewController.swift in Sources */ = {isa = PBXBuildFile; fileRef = 8724B94B2F0C231800E6D8D0 /* ViewController.swift */; };
		8724B94F2F0C231800E6D8D0 /* Main.storyboard in Resources */ = {isa = PBXBuildFile; fileRef = 8724B94D2F0C231800E6D8D0 /* Main.storyboard */; };
		8724B9512F0C231B00E6D8D0 /* Assets.xcassets in Resources */ = {isa = PBXBuildFile; fileRef = 8724B9502F0C231B00E6D8D0 /* Assets.xcassets */; };
		8724B9542F0C231B00E6D8D0 /* LaunchScreen.storyboard in Resources */ = {isa = PBXBuildFile; fileRef = 8724B9522F0C231B00E6D8D0 /* LaunchScreen.storyboard */; };
		8724B95F2F0C231B00E6D8D0 /* FunctionalitySearcherTests.swift in Sources */ = {isa = PBXBuildFile; fileRef = 8724B95E2F0C231B00E6D8D0 /* FunctionalitySearcherTests.swift */; };
		8724B99E2F0C2EA800E6D8D0 /* SearchViewModel.swift in Sources */ = {isa = PBXBuildFile; fileRef = 8724B97F2F0C2EA700E6D8D0 /* SearchViewModel.swift */; };
		8724B99F2F0C2EA800E6D8D0 /* SearchView.swift in Sources */ = {isa = PBXBuildFile; fileRef = 8724B9812F0C2EA700E6D8D0 /* SearchView.swift */; };
		8724B9A02F0C2EA800E6D8D0 /* MockSearchService.swift in Sources */ = {isa = PBXBuildFile; fileRef = 8724B9832F0C2EA700E6D8D0 /* MockSearchService.swift */; };
		8724B9A12F0C2EA800E6D8D0 /* AppCoordinator.swift in Sources */ = {isa = PBXBuildFile; fileRef = 8724B9862F0C2EA700E6D8D0 /* AppCoordinator.swift */; };
		8724B9A22F0C2EA800E6D8D0 /* FunctionalityCoordinator.swift in Sources */ = {isa = PBXBuildFile; fileRef = 8724B9872F0C2EA700E6D8D0 /* FunctionalityCoordinator.swift */; };
		8724B9A32F0C2EA800E6D8D0 /* UIType.swift in Sources */ = {isa = PBXBuildFile; fileRef = 8724B9892F0C2EA700E6D8D0 /* UIType.swift */; };
		8724B9A42F0C2EA800E6D8D0 /* SearchResult.swift in Sources */ = {isa = PBXBuildFile; fileRef = 8724B98A2F0C2EA700E6D8D0 /* SearchResult.swift */; };
		8724B9A52F0C2EA800E6D8D0 /* FunctionalityDataProvider.swift in Sources */ = {isa = PBXBuildFile; fileRef = 8724B98B2F0C2EA700E6D8D0 /* FunctionalityDataProvider.swift */; };
		8724B9A62F0C2EA800E6D8D0 /* Functionality.swift in Sources */ = {isa = PBXBuildFile; fileRef = 8724B98C2F0C2EA700E6D8D0 /* Functionality.swift */; };
		8724B9A72F0C2EA800E6D8D0 /* FunctionalityViewProtocol.swift in Sources */ = {isa = PBXBuildFile; fileRef = 8724B98E2F0C2EA700E6D8D0 /* FunctionalityViewProtocol.swift */; };
		8724B9A82F0C2EA800E6D8D0 /* FunctionalityFactoryProtocol.swift in Sources */ = {isa = PBXBuildFile; fileRef = 8724B98F2F0C2EA700E6D8D0 /* FunctionalityFactoryProtocol.swift */; };
		8724B9A92F0C2EA800E6D8D0 /* SearchServiceProtocol.swift in Sources */ = {isa = PBXBuildFile; fileRef = 8724B9902F0C2EA700E6D8D0 /* SearchServiceProtocol.swift */; };
		8724B9AA2F0C2EA800E6D8D0 /* FunctionalityViewControllerProtocol.swift in Sources */ = {isa = PBXBuildFile; fileRef = 8724B9912F0C2EA700E6D8D0 /* FunctionalityViewControllerProtocol.swift */; };
		8724B9AB2F0C2EA800E6D8D0 /* UIKitFunctionalityTemplate.swift in Sources */ = {isa = PBXBuildFile; fileRef = 8724B9952F0C2EA800E6D8D0 /* UIKitFunctionalityTemplate.swift */; };
		8724B9AC2F0C2EA800E6D8D0 /* ConcreteFunctionalityFactory.swift in Sources */ = {isa = PBXBuildFile; fileRef = 8724B9972F0C2EA800E6D8D0 /* ConcreteFunctionalityFactory.swift */; };
		8724B9AD2F0C2EA800E6D8D0 /* BaseFunctionalityViewController.swift in Sources */ = {isa = PBXBuildFile; fileRef = 8724B9992F0C2EA800E6D8D0 /* BaseFunctionalityViewController.swift */; };
		8724B9AE2F0C2EA800E6D8D0 /* BaseFunctionalityView.swift in Sources */ = {isa = PBXBuildFile; fileRef = 8724B99A2F0C2EA800E6D8D0 /* BaseFunctionalityView.swift */; };
		8724B9AF2F0C2EA800E6D8D0 /* SwiftUIFunctionalityTemplate.swift in Sources */ = {isa = PBXBuildFile; fileRef = 8724B99D2F0C2EA800E6D8D0 /* SwiftUIFunctionalityTemplate.swift */; };
		8724B9D92F0C77D300E6D8D0 /* AppContext.swift in Sources */ = {isa = PBXBuildFile; fileRef = 8724B9D82F0C77D300E6D8D0 /* AppContext.swift */; };
		8724B9DB2F0C787800E6D8D0 /* FunctionalityArgumentValue.swift in Sources */ = {isa = PBXBuildFile; fileRef = 8724B9DA2F0C787700E6D8D0 /* FunctionalityArgumentValue.swift */; };
		8724B9E62F0C7C5700E6D8D0 /* FunctionalityIntegrationTests.swift in Sources */ = {isa = PBXBuildFile; fileRef = 8724B9DC2F0C7C5700E6D8D0 /* FunctionalityIntegrationTests.swift */; };
		8724B9E72F0C7C5700E6D8D0 /* FunctionalityCoordinatorTests.swift in Sources */ = {isa = PBXBuildFile; fileRef = 8724B9DD2F0C7C5700E6D8D0 /* FunctionalityCoordinatorTests.swift */; };
		8724B9E82F0C7C5700E6D8D0 /* AppCoordinatorIntegrationTests.swift in Sources */ = {isa = PBXBuildFile; fileRef = 8724B9DE2F0C7C5700E6D8D0 /* AppCoordinatorIntegrationTests.swift */; };
		8724B9E92F0C7C5700E6D8D0 /* FunctionalityDataProviderTests.swift in Sources */ = {isa = PBXBuildFile; fileRef = 8724B9DF2F0C7C5700E6D8D0 /* FunctionalityDataProviderTests.swift */; };
		8724B9EA2F0C7C5700E6D8D0 /* AppContextTests.swift in Sources */ = {isa = PBXBuildFile; fileRef = 8724B9E02F0C7C5700E6D8D0 /* AppContextTests.swift */; };
		8724B9EB2F0C7C5700E6D8D0 /* FunctionalityTests.swift in Sources */ = {isa = PBXBuildFile; fileRef = 8724B9E12F0C7C5700E6D8D0 /* FunctionalityTests.swift */; };
		8724B9EC2F0C7C5700E6D8D0 /* FunctionalityViewControllerTests.swift in Sources */ = {isa = PBXBuildFile; fileRef = 8724B9E22F0C7C5700E6D8D0 /* FunctionalityViewControllerTests.swift */; };
		8724B9ED2F0C7C5700E6D8D0 /* SwiftUIFunctionalityTests.swift in Sources */ = {isa = PBXBuildFile; fileRef = 8724B9E32F0C7C5700E6D8D0 /* SwiftUIFunctionalityTests.swift */; };
		8724B9EE2F0C7C5700E6D8D0 /* ConcreteFunctionalityFactoryTests.swift in Sources */ = {isa = PBXBuildFile; fileRef = 8724B9E42F0C7C5700E6D8D0 /* ConcreteFunctionalityFactoryTests.swift */; };
		8724B9EF2F0C7C5700E6D8D0 /* FunctionalityArgumentValueTests.swift in Sources */ = {isa = PBXBuildFile; fileRef = 8724B9E52F0C7C5700E6D8D0 /* FunctionalityArgumentValueTests.swift */; };
		87A99E922F0EB0B900042EF2 /* ActiveCertificatesView.swift in Sources */ = {isa = PBXBuildFile; fileRef = 87A99E872F0EB0B800042EF2 /* ActiveCertificatesView.swift */; };
		87A99E932F0EB0B900042EF2 /* ChangePasswordView.swift in Sources */ = {isa = PBXBuildFile; fileRef = 87A99E882F0EB0B800042EF2 /* ChangePasswordView.swift */; };
		87A99E942F0EB0B900042EF2 /* ProductDetailsView.swift in Sources */ = {isa = PBXBuildFile; fileRef = 87A99E892F0EB0B800042EF2 /* ProductDetailsView.swift */; };
		87A99E952F0EB0B900042EF2 /* InvoiceHistoryView.swift in Sources */ = {isa = PBXBuildFile; fileRef = 87A99E8A2F0EB0B800042EF2 /* InvoiceHistoryView.swift */; };
		87A99E962F0EB0B900042EF2 /* ExportInvoicesView.swift in Sources */ = {isa = PBXBuildFile; fileRef = 87A99E8B2F0EB0B800042EF2 /* ExportInvoicesView.swift */; };
		87A99E972F0EB0B900042EF2 /* NotificationSettingsView.swift in Sources */ = {isa = PBXBuildFile; fileRef = 87A99E8C2F0EB0B800042EF2 /* NotificationSettingsView.swift */; };
		87A99E982F0EB0B900042EF2 /* RenewCertificateView.swift in Sources */ = {isa = PBXBuildFile; fileRef = 87A99E8D2F0EB0B800042EF2 /* RenewCertificateView.swift */; };
		87A99E992F0EB0B900042EF2 /* ReturnHistoryView.swift in Sources */ = {isa = PBXBuildFile; fileRef = 87A99E8E2F0EB0B800042EF2 /* ReturnHistoryView.swift */; };
		87A99E9A2F0EB0B900042EF2 /* TrackReturnView.swift in Sources */ = {isa = PBXBuildFile; fileRef = 87A99E8F2F0EB0B800042EF2 /* TrackReturnView.swift */; };
		87A99E9B2F0EB0B900042EF2 /* TrackShipmentView.swift in Sources */ = {isa = PBXBuildFile; fileRef = 87A99E902F0EB0B800042EF2 /* TrackShipmentView.swift */; };
		87A99E9C2F0EB0B900042EF2 /* UserSubscriptionView.swift in Sources */ = {isa = PBXBuildFile; fileRef = 87A99E912F0EB0B800042EF2 /* UserSubscriptionView.swift */; };
		87A99EA82F0EB0CC00042EF2 /* UserAccountDetailsViewController.swift in Sources */ = {isa = PBXBuildFile; fileRef = 87A99E9D2F0EB0CB00042EF2 /* UserAccountDetailsViewController.swift */; };
		87A99EA92F0EB0CC00042EF2 /* InitiateReturnViewController.swift in Sources */ = {isa = PBXBuildFile; fileRef = 87A99E9E2F0EB0CB00042EF2 /* InitiateReturnViewController.swift */; };
		87A99EAA2F0EB0CC00042EF2 /* ViewOrdersViewController.swift in Sources */ = {isa = PBXBuildFile; fileRef = 87A99E9F2F0EB0CB00042EF2 /* ViewOrdersViewController.swift */; };
		87A99EAB2F0EB0CC00042EF2 /* ViewPersonalInfoViewController.swift in Sources */ = {isa = PBXBuildFile; fileRef = 87A99EA02F0EB0CB00042EF2 /* ViewPersonalInfoViewController.swift */; };
		87A99EAC2F0EB0CC00042EF2 /* DownloadInvoiceViewController.swift in Sources */ = {isa = PBXBuildFile; fileRef = 87A99EA12F0EB0CB00042EF2 /* DownloadInvoiceViewController.swift */; };
		87A99EAD2F0EB0CC00042EF2 /* MonthlyBillingViewController.swift in Sources */ = {isa = PBXBuildFile; fileRef = 87A99EA22F0EB0CB00042EF2 /* MonthlyBillingViewController.swift */; };
		87A99EAE2F0EB0CC00042EF2 /* DownloadCertificateViewController.swift in Sources */ = {isa = PBXBuildFile; fileRef = 87A99EA32F0EB0CB00042EF2 /* DownloadCertificateViewController.swift */; };
		87A99EAF2F0EB0CC00042EF2 /* EditProfileViewController.swift in Sources */ = {isa = PBXBuildFile; fileRef = 87A99EA42F0EB0CB00042EF2 /* EditProfileViewController.swift */; };
		87A99EB02F0EB0CC00042EF2 /* GetCertificateViewController.swift in Sources */ = {isa = PBXBuildFile; fileRef = 87A99EA52F0EB0CB00042EF2 /* GetCertificateViewController.swift */; };
		87A99EB12F0EB0CC00042EF2 /* ReturnStatusViewController.swift in Sources */ = {isa = PBXBuildFile; fileRef = 87A99EA62F0EB0CB00042EF2 /* ReturnStatusViewController.swift */; };
		87A99EB22F0EB0CC00042EF2 /* SearchProductsViewController.swift in Sources */ = {isa = PBXBuildFile; fileRef = 87A99EA72F0EB0CC00042EF2 /* SearchProductsViewController.swift */; };
		87A99EC92F0EB0E600042EF2 /* RenewCertificateViewComposerUI.swift in Sources */ = {isa = PBXBuildFile; fileRef = 87A99EB32F0EB0E500042EF2 /* RenewCertificateViewComposerUI.swift */; };
		87A99ECA2F0EB0E600042EF2 /* ExportInvoicesViewComposerUI.swift in Sources */ = {isa = PBXBuildFile; fileRef = 87A99EB42F0EB0E500042EF2 /* ExportInvoicesViewComposerUI.swift */; };
		87A99ECB2F0EB0E600042EF2 /* MonthlyBillingViewControllerComposerUI.swift in Sources */ = {isa = PBXBuildFile; fileRef = 87A99EB52F0EB0E500042EF2 /* MonthlyBillingViewControllerComposerUI.swift */; };
		87A99ECC2F0EB0E600042EF2 /* TrackReturnViewComposerUI.swift in Sources */ = {isa = PBXBuildFile; fileRef = 87A99EB62F0EB0E500042EF2 /* TrackReturnViewComposerUI.swift */; };
		87A99ECD2F0EB0E600042EF2 /* InitiateReturnViewControllerComposerUI.swift in Sources */ = {isa = PBXBuildFile; fileRef = 87A99EB72F0EB0E500042EF2 /* InitiateReturnViewControllerComposerUI.swift */; };
		87A99ECE2F0EB0E600042EF2 /* ActiveCertificatesViewComposerUI.swift in Sources */ = {isa = PBXBuildFile; fileRef = 87A99EB82F0EB0E600042EF2 /* ActiveCertificatesViewComposerUI.swift */; };
		87A99ECF2F0EB0E600042EF2 /* DownloadCertificateViewControllerComposerUI.swift in Sources */ = {isa = PBXBuildFile; fileRef = 87A99EB92F0EB0E600042EF2 /* DownloadCertificateViewControllerComposerUI.swift */; };
		87A99ED02F0EB0E600042EF2 /* ReturnHistoryViewComposerUI.swift in Sources */ = {isa = PBXBuildFile; fileRef = 87A99EBA2F0EB0E600042EF2 /* ReturnHistoryViewComposerUI.swift */; };
		87A99ED12F0EB0E600042EF2 /* ViewPersonalInfoViewControllerComposerUI.swift in Sources */ = {isa = PBXBuildFile; fileRef = 87A99EBB2F0EB0E600042EF2 /* ViewPersonalInfoViewControllerComposerUI.swift */; };
		87A99ED22F0EB0E600042EF2 /* DownloadInvoiceViewControllerComposerUI.swift in Sources */ = {isa = PBXBuildFile; fileRef = 87A99EBC2F0EB0E600042EF2 /* DownloadInvoiceViewControllerComposerUI.swift */; };
		87A99ED32F0EB0E700042EF2 /* ProductDetailsViewComposerUI.swift in Sources */ = {isa = PBXBuildFile; fileRef = 87A99EBD2F0EB0E600042EF2 /* ProductDetailsViewComposerUI.swift */; };
		87A99ED42F0EB0E700042EF2 /* SearchProductsViewControllerComposerUI.swift in Sources */ = {isa = PBXBuildFile; fileRef = 87A99EBE2F0EB0E600042EF2 /* SearchProductsViewControllerComposerUI.swift */; };
		87A99ED52F0EB0E700042EF2 /* NotificationSettingsViewComposerUI.swift in Sources */ = {isa = PBXBuildFile; fileRef = 87A99EBF2F0EB0E600042EF2 /* NotificationSettingsViewComposerUI.swift */; };
		87A99ED62F0EB0E700042EF2 /* EditProfileViewControllerComposerUI.swift in Sources */ = {isa = PBXBuildFile; fileRef = 87A99EC02F0EB0E600042EF2 /* EditProfileViewControllerComposerUI.swift */; };
		87A99ED72F0EB0E700042EF2 /* ChangePasswordViewComposerUI.swift in Sources */ = {isa = PBXBuildFile; fileRef = 87A99EC12F0EB0E600042EF2 /* ChangePasswordViewComposerUI.swift */; };
		87A99ED82F0EB0E700042EF2 /* TrackShipmentViewComposerUI.swift in Sources */ = {isa = PBXBuildFile; fileRef = 87A99EC22F0EB0E600042EF2 /* TrackShipmentViewComposerUI.swift */; };
		87A99ED92F0EB0E700042EF2 /* UserAccountDetailsViewControllerComposerUI.swift in Sources */ = {isa = PBXBuildFile; fileRef = 87A99EC32F0EB0E600042EF2 /* UserAccountDetailsViewControllerComposerUI.swift */; };
		87A99EDA2F0EB0E700042EF2 /* UserSubscriptionViewComposerUI.swift in Sources */ = {isa = PBXBuildFile; fileRef = 87A99EC42F0EB0E600042EF2 /* UserSubscriptionViewComposerUI.swift */; };
		87A99EDB2F0EB0E700042EF2 /* ReturnStatusViewControllerComposerUI.swift in Sources */ = {isa = PBXBuildFile; fileRef = 87A99EC52F0EB0E600042EF2 /* ReturnStatusViewControllerComposerUI.swift */; };
		87A99EDC2F0EB0E700042EF2 /* InvoiceHistoryViewComposerUI.swift in Sources */ = {isa = PBXBuildFile; fileRef = 87A99EC62F0EB0E600042EF2 /* InvoiceHistoryViewComposerUI.swift */; };
		87A99EDD2F0EB0E700042EF2 /* ViewOrdersViewControllerComposerUI.swift in Sources */ = {isa = PBXBuildFile; fileRef = 87A99EC72F0EB0E600042EF2 /* ViewOrdersViewControllerComposerUI.swift */; };
		87A99EDE2F0EB0E700042EF2 /* GetCertificateViewControllerComposerUI.swift in Sources */ = {isa = PBXBuildFile; fileRef = 87A99EC82F0EB0E600042EF2 /* GetCertificateViewControllerComposerUI.swift */; };
		87A99EE12F0EB10A00042EF2 /* UserAccountDetailsViewControllerDataResolver.swift in Sources */ = {isa = PBXBuildFile; fileRef = 87A99EDF2F0EB10A00042EF2 /* UserAccountDetailsViewControllerDataResolver.swift */; };
		87A99EE22F0EB10A00042EF2 /* UserSubscriptionViewDataResolver.swift in Sources */ = {isa = PBXBuildFile; fileRef = 87A99EE02F0EB10A00042EF2 /* UserSubscriptionViewDataResolver.swift */; };
		87A99EED2F0EB99900042EF2 /* LabelStyles.swift in Sources */ = {isa = PBXBuildFile; fileRef = 87A99EE52F0EB99700042EF2 /* LabelStyles.swift */; };
		87A99EEE2F0EB99900042EF2 /* CardStyles.swift in Sources */ = {isa = PBXBuildFile; fileRef = 87A99EE62F0EB99700042EF2 /* CardStyles.swift */; };
		87A99EEF2F0EB99900042EF2 /* ButtonStyles.swift in Sources */ = {isa = PBXBuildFile; fileRef = 87A99EE72F0EB99700042EF2 /* ButtonStyles.swift */; };
		87A99EF02F0EB99900042EF2 /* ThemeManager.swift in Sources */ = {isa = PBXBuildFile; fileRef = 87A99EE92F0EB99700042EF2 /* ThemeManager.swift */; };
		87A99EF12F0EB99900042EF2 /* AppTheme.swift in Sources */ = {isa = PBXBuildFile; fileRef = 87A99EEA2F0EB99700042EF2 /* AppTheme.swift */; };
		87A99EF22F0EB99900042EF2 /* DesignSystemShowcase.swift in Sources */ = {isa = PBXBuildFile; fileRef = 87A99EEC2F0EB99700042EF2 /* DesignSystemShowcase.swift */; };
		87A99EFC2F0EF97C00042EF2 /* ProfileView.swift in Sources */ = {isa = PBXBuildFile; fileRef = 87A99EF52F0EF97C00042EF2 /* ProfileView.swift */; };
		87A99EFD2F0EF97C00042EF2 /* HomeView.swift in Sources */ = {isa = PBXBuildFile; fileRef = 87A99EF62F0EF97C00042EF2 /* HomeView.swift */; };
		87A99EFE2F0EF97C00042EF2 /* BillingView.swift in Sources */ = {isa = PBXBuildFile; fileRef = 87A99EF72F0EF97C00042EF2 /* BillingView.swift */; };
		87A99EFF2F0EF97C00042EF2 /* MainTabView.swift in Sources */ = {isa = PBXBuildFile; fileRef = 87A99EF82F0EF97C00042EF2 /* MainTabView.swift */; };
		87A99F002F0EF97C00042EF2 /* FunctionalityCardButton.swift in Sources */ = {isa = PBXBuildFile; fileRef = 87A99EFA2F0EF97C00042EF2 /* FunctionalityCardButton.swift */; };
		87A99F012F0EF97C00042EF2 /* FunctionalityGridView.swift in Sources */ = {isa = PBXBuildFile; fileRef = 87A99EFB2F0EF97C00042EF2 /* FunctionalityGridView.swift */; };
		87A99F042F0EF9B700042EF2 /* FunctionalityService.swift in Sources */ = {isa = PBXBuildFile; fileRef = 87A99F032F0EF9B700042EF2 /* FunctionalityService.swift */; };
		87EB9A7B2F0D7DFF00E2717E /* FunctionalityDataResolver.swift in Sources */ = {isa = PBXBuildFile; fileRef = 87EB9A7A2F0D7DFF00E2717E /* FunctionalityDataResolver.swift */; };
		87EB9A872F0D809000E2717E /* FunctionalityDataResolverTests.swift in Sources */ = {isa = PBXBuildFile; fileRef = 87EB9A852F0D808F00E2717E /* FunctionalityDataResolverTests.swift */; };
		87EB9A882F0D809000E2717E /* ExternalDataFunctionalityTests.swift in Sources */ = {isa = PBXBuildFile; fileRef = 87EB9A862F0D808F00E2717E /* ExternalDataFunctionalityTests.swift */; };
		87EB9AB82F0DB4C400E2717E /* IndependentFunctionalityViewController.swift in Sources */ = {isa = PBXBuildFile; fileRef = 87EB9AB72F0DB4C400E2717E /* IndependentFunctionalityViewController.swift */; };
		87EB9ABF2F0DB56C00E2717E /* SwiftUIFunctionalityScaffold.swift in Sources */ = {isa = PBXBuildFile; fileRef = 87EB9ABE2F0DB56C00E2717E /* SwiftUIFunctionalityScaffold.swift */; };
/* End PBXBuildFile section */

/* Begin PBXContainerItemProxy section */
		8724B95B2F0C231B00E6D8D0 /* PBXContainerItemProxy */ = {
			isa = PBXContainerItemProxy;
			containerPortal = 8724B93C2F0C231800E6D8D0 /* Project object */;
			proxyType = 1;
			remoteGlobalIDString = 8724B9432F0C231800E6D8D0;
			remoteInfo = FunctionalitySearcher;
		};
/* End PBXContainerItemProxy section */

/* Begin PBXFileReference section */
		8724B9442F0C231800E6D8D0 /* FunctionalitySearcher.app */ = {isa = PBXFileReference; explicitFileType = wrapper.application; includeInIndex = 0; path = FunctionalitySearcher.app; sourceTree = BUILT_PRODUCTS_DIR; };
		8724B9472F0C231800E6D8D0 /* AppDelegate.swift */ = {isa = PBXFileReference; lastKnownFileType = sourcecode.swift; path = AppDelegate.swift; sourceTree = "<group>"; };
		8724B9492F0C231800E6D8D0 /* SceneDelegate.swift */ = {isa = PBXFileReference; lastKnownFileType = sourcecode.swift; path = SceneDelegate.swift; sourceTree = "<group>"; };
		8724B94B2F0C231800E6D8D0 /* ViewController.swift */ = {isa = PBXFileReference; lastKnownFileType = sourcecode.swift; path = ViewController.swift; sourceTree = "<group>"; };
		8724B94E2F0C231800E6D8D0 /* Base */ = {isa = PBXFileReference; lastKnownFileType = file.storyboard; name = Base; path = Base.lproj/Main.storyboard; sourceTree = "<group>"; };
		8724B9502F0C231B00E6D8D0 /* Assets.xcassets */ = {isa = PBXFileReference; lastKnownFileType = folder.assetcatalog; path = Assets.xcassets; sourceTree = "<group>"; };
		8724B9532F0C231B00E6D8D0 /* Base */ = {isa = PBXFileReference; lastKnownFileType = file.storyboard; name = Base; path = Base.lproj/LaunchScreen.storyboard; sourceTree = "<group>"; };
		8724B9552F0C231B00E6D8D0 /* Info.plist */ = {isa = PBXFileReference; lastKnownFileType = text.plist.xml; path = Info.plist; sourceTree = "<group>"; };
		8724B95A2F0C231B00E6D8D0 /* FunctionalitySearcherTests.xctest */ = {isa = PBXFileReference; explicitFileType = wrapper.cfbundle; includeInIndex = 0; path = FunctionalitySearcherTests.xctest; sourceTree = BUILT_PRODUCTS_DIR; };
		8724B95E2F0C231B00E6D8D0 /* FunctionalitySearcherTests.swift */ = {isa = PBXFileReference; lastKnownFileType = sourcecode.swift; path = FunctionalitySearcherTests.swift; sourceTree = "<group>"; };
		8724B97F2F0C2EA700E6D8D0 /* SearchViewModel.swift */ = {isa = PBXFileReference; fileEncoding = 4; lastKnownFileType = sourcecode.swift; path = SearchViewModel.swift; sourceTree = "<group>"; };
		8724B9812F0C2EA700E6D8D0 /* SearchView.swift */ = {isa = PBXFileReference; fileEncoding = 4; lastKnownFileType = sourcecode.swift; path = SearchView.swift; sourceTree = "<group>"; };
		8724B9832F0C2EA700E6D8D0 /* MockSearchService.swift */ = {isa = PBXFileReference; fileEncoding = 4; lastKnownFileType = sourcecode.swift; path = MockSearchService.swift; sourceTree = "<group>"; };
		8724B9862F0C2EA700E6D8D0 /* AppCoordinator.swift */ = {isa = PBXFileReference; fileEncoding = 4; lastKnownFileType = sourcecode.swift; path = AppCoordinator.swift; sourceTree = "<group>"; };
		8724B9872F0C2EA700E6D8D0 /* FunctionalityCoordinator.swift */ = {isa = PBXFileReference; fileEncoding = 4; lastKnownFileType = sourcecode.swift; path = FunctionalityCoordinator.swift; sourceTree = "<group>"; };
		8724B9892F0C2EA700E6D8D0 /* UIType.swift */ = {isa = PBXFileReference; fileEncoding = 4; lastKnownFileType = sourcecode.swift; path = UIType.swift; sourceTree = "<group>"; };
		8724B98A2F0C2EA700E6D8D0 /* SearchResult.swift */ = {isa = PBXFileReference; fileEncoding = 4; lastKnownFileType = sourcecode.swift; path = SearchResult.swift; sourceTree = "<group>"; };
		8724B98B2F0C2EA700E6D8D0 /* FunctionalityDataProvider.swift */ = {isa = PBXFileReference; fileEncoding = 4; lastKnownFileType = sourcecode.swift; path = FunctionalityDataProvider.swift; sourceTree = "<group>"; };
		8724B98C2F0C2EA700E6D8D0 /* Functionality.swift */ = {isa = PBXFileReference; fileEncoding = 4; lastKnownFileType = sourcecode.swift; path = Functionality.swift; sourceTree = "<group>"; };
		8724B98E2F0C2EA700E6D8D0 /* FunctionalityViewProtocol.swift */ = {isa = PBXFileReference; fileEncoding = 4; lastKnownFileType = sourcecode.swift; path = FunctionalityViewProtocol.swift; sourceTree = "<group>"; };
		8724B98F2F0C2EA700E6D8D0 /* FunctionalityFactoryProtocol.swift */ = {isa = PBXFileReference; fileEncoding = 4; lastKnownFileType = sourcecode.swift; path = FunctionalityFactoryProtocol.swift; sourceTree = "<group>"; };
		8724B9902F0C2EA700E6D8D0 /* SearchServiceProtocol.swift */ = {isa = PBXFileReference; fileEncoding = 4; lastKnownFileType = sourcecode.swift; path = SearchServiceProtocol.swift; sourceTree = "<group>"; };
		8724B9912F0C2EA700E6D8D0 /* FunctionalityViewControllerProtocol.swift */ = {isa = PBXFileReference; fileEncoding = 4; lastKnownFileType = sourcecode.swift; path = FunctionalityViewControllerProtocol.swift; sourceTree = "<group>"; };
		8724B9952F0C2EA800E6D8D0 /* UIKitFunctionalityTemplate.swift */ = {isa = PBXFileReference; fileEncoding = 4; lastKnownFileType = sourcecode.swift; path = UIKitFunctionalityTemplate.swift; sourceTree = "<group>"; };
		8724B9972F0C2EA800E6D8D0 /* ConcreteFunctionalityFactory.swift */ = {isa = PBXFileReference; fileEncoding = 4; lastKnownFileType = sourcecode.swift; path = ConcreteFunctionalityFactory.swift; sourceTree = "<group>"; };
		8724B9992F0C2EA800E6D8D0 /* BaseFunctionalityViewController.swift */ = {isa = PBXFileReference; fileEncoding = 4; lastKnownFileType = sourcecode.swift; path = BaseFunctionalityViewController.swift; sourceTree = "<group>"; };
		8724B99A2F0C2EA800E6D8D0 /* BaseFunctionalityView.swift */ = {isa = PBXFileReference; fileEncoding = 4; lastKnownFileType = sourcecode.swift; path = BaseFunctionalityView.swift; sourceTree = "<group>"; };
		8724B99D2F0C2EA800E6D8D0 /* SwiftUIFunctionalityTemplate.swift */ = {isa = PBXFileReference; fileEncoding = 4; lastKnownFileType = sourcecode.swift; path = SwiftUIFunctionalityTemplate.swift; sourceTree = "<group>"; };
		8724B9D82F0C77D300E6D8D0 /* AppContext.swift */ = {isa = PBXFileReference; fileEncoding = 4; lastKnownFileType = sourcecode.swift; path = AppContext.swift; sourceTree = "<group>"; };
		8724B9DA2F0C787700E6D8D0 /* FunctionalityArgumentValue.swift */ = {isa = PBXFileReference; fileEncoding = 4; lastKnownFileType = sourcecode.swift; path = FunctionalityArgumentValue.swift; sourceTree = "<group>"; };
		8724B9DC2F0C7C5700E6D8D0 /* FunctionalityIntegrationTests.swift */ = {isa = PBXFileReference; fileEncoding = 4; lastKnownFileType = sourcecode.swift; path = FunctionalityIntegrationTests.swift; sourceTree = "<group>"; };
		8724B9DD2F0C7C5700E6D8D0 /* FunctionalityCoordinatorTests.swift */ = {isa = PBXFileReference; fileEncoding = 4; lastKnownFileType = sourcecode.swift; path = FunctionalityCoordinatorTests.swift; sourceTree = "<group>"; };
		8724B9DE2F0C7C5700E6D8D0 /* AppCoordinatorIntegrationTests.swift */ = {isa = PBXFileReference; fileEncoding = 4; lastKnownFileType = sourcecode.swift; path = AppCoordinatorIntegrationTests.swift; sourceTree = "<group>"; };
		8724B9DF2F0C7C5700E6D8D0 /* FunctionalityDataProviderTests.swift */ = {isa = PBXFileReference; fileEncoding = 4; lastKnownFileType = sourcecode.swift; path = FunctionalityDataProviderTests.swift; sourceTree = "<group>"; };
		8724B9E02F0C7C5700E6D8D0 /* AppContextTests.swift */ = {isa = PBXFileReference; fileEncoding = 4; lastKnownFileType = sourcecode.swift; path = AppContextTests.swift; sourceTree = "<group>"; };
		8724B9E12F0C7C5700E6D8D0 /* FunctionalityTests.swift */ = {isa = PBXFileReference; fileEncoding = 4; lastKnownFileType = sourcecode.swift; path = FunctionalityTests.swift; sourceTree = "<group>"; };
		8724B9E22F0C7C5700E6D8D0 /* FunctionalityViewControllerTests.swift */ = {isa = PBXFileReference; fileEncoding = 4; lastKnownFileType = sourcecode.swift; path = FunctionalityViewControllerTests.swift; sourceTree = "<group>"; };
		8724B9E32F0C7C5700E6D8D0 /* SwiftUIFunctionalityTests.swift */ = {isa = PBXFileReference; fileEncoding = 4; lastKnownFileType = sourcecode.swift; path = SwiftUIFunctionalityTests.swift; sourceTree = "<group>"; };
		8724B9E42F0C7C5700E6D8D0 /* ConcreteFunctionalityFactoryTests.swift */ = {isa = PBXFileReference; fileEncoding = 4; lastKnownFileType = sourcecode.swift; path = ConcreteFunctionalityFactoryTests.swift; sourceTree = "<group>"; };
		8724B9E52F0C7C5700E6D8D0 /* FunctionalityArgumentValueTests.swift */ = {isa = PBXFileReference; fileEncoding = 4; lastKnownFileType = sourcecode.swift; path = FunctionalityArgumentValueTests.swift; sourceTree = "<group>"; };
		87A99E872F0EB0B800042EF2 /* ActiveCertificatesView.swift */ = {isa = PBXFileReference; fileEncoding = 4; lastKnownFileType = sourcecode.swift; path = ActiveCertificatesView.swift; sourceTree = "<group>"; };
		87A99E882F0EB0B800042EF2 /* ChangePasswordView.swift */ = {isa = PBXFileReference; fileEncoding = 4; lastKnownFileType = sourcecode.swift; path = ChangePasswordView.swift; sourceTree = "<group>"; };
		87A99E892F0EB0B800042EF2 /* ProductDetailsView.swift */ = {isa = PBXFileReference; fileEncoding = 4; lastKnownFileType = sourcecode.swift; path = ProductDetailsView.swift; sourceTree = "<group>"; };
		87A99E8A2F0EB0B800042EF2 /* InvoiceHistoryView.swift */ = {isa = PBXFileReference; fileEncoding = 4; lastKnownFileType = sourcecode.swift; path = InvoiceHistoryView.swift; sourceTree = "<group>"; };
		87A99E8B2F0EB0B800042EF2 /* ExportInvoicesView.swift */ = {isa = PBXFileReference; fileEncoding = 4; lastKnownFileType = sourcecode.swift; path = ExportInvoicesView.swift; sourceTree = "<group>"; };
		87A99E8C2F0EB0B800042EF2 /* NotificationSettingsView.swift */ = {isa = PBXFileReference; fileEncoding = 4; lastKnownFileType = sourcecode.swift; path = NotificationSettingsView.swift; sourceTree = "<group>"; };
		87A99E8D2F0EB0B800042EF2 /* RenewCertificateView.swift */ = {isa = PBXFileReference; fileEncoding = 4; lastKnownFileType = sourcecode.swift; path = RenewCertificateView.swift; sourceTree = "<group>"; };
		87A99E8E2F0EB0B800042EF2 /* ReturnHistoryView.swift */ = {isa = PBXFileReference; fileEncoding = 4; lastKnownFileType = sourcecode.swift; path = ReturnHistoryView.swift; sourceTree = "<group>"; };
		87A99E8F2F0EB0B800042EF2 /* TrackReturnView.swift */ = {isa = PBXFileReference; fileEncoding = 4; lastKnownFileType = sourcecode.swift; path = TrackReturnView.swift; sourceTree = "<group>"; };
		87A99E902F0EB0B800042EF2 /* TrackShipmentView.swift */ = {isa = PBXFileReference; fileEncoding = 4; lastKnownFileType = sourcecode.swift; path = TrackShipmentView.swift; sourceTree = "<group>"; };
		87A99E912F0EB0B800042EF2 /* UserSubscriptionView.swift */ = {isa = PBXFileReference; fileEncoding = 4; lastKnownFileType = sourcecode.swift; path = UserSubscriptionView.swift; sourceTree = "<group>"; };
		87A99E9D2F0EB0CB00042EF2 /* UserAccountDetailsViewController.swift */ = {isa = PBXFileReference; fileEncoding = 4; lastKnownFileType = sourcecode.swift; path = UserAccountDetailsViewController.swift; sourceTree = "<group>"; };
		87A99E9E2F0EB0CB00042EF2 /* InitiateReturnViewController.swift */ = {isa = PBXFileReference; fileEncoding = 4; lastKnownFileType = sourcecode.swift; path = InitiateReturnViewController.swift; sourceTree = "<group>"; };
		87A99E9F2F0EB0CB00042EF2 /* ViewOrdersViewController.swift */ = {isa = PBXFileReference; fileEncoding = 4; lastKnownFileType = sourcecode.swift; path = ViewOrdersViewController.swift; sourceTree = "<group>"; };
		87A99EA02F0EB0CB00042EF2 /* ViewPersonalInfoViewController.swift */ = {isa = PBXFileReference; fileEncoding = 4; lastKnownFileType = sourcecode.swift; path = ViewPersonalInfoViewController.swift; sourceTree = "<group>"; };
		87A99EA12F0EB0CB00042EF2 /* DownloadInvoiceViewController.swift */ = {isa = PBXFileReference; fileEncoding = 4; lastKnownFileType = sourcecode.swift; path = DownloadInvoiceViewController.swift; sourceTree = "<group>"; };
		87A99EA22F0EB0CB00042EF2 /* MonthlyBillingViewController.swift */ = {isa = PBXFileReference; fileEncoding = 4; lastKnownFileType = sourcecode.swift; path = MonthlyBillingViewController.swift; sourceTree = "<group>"; };
		87A99EA32F0EB0CB00042EF2 /* DownloadCertificateViewController.swift */ = {isa = PBXFileReference; fileEncoding = 4; lastKnownFileType = sourcecode.swift; path = DownloadCertificateViewController.swift; sourceTree = "<group>"; };
		87A99EA42F0EB0CB00042EF2 /* EditProfileViewController.swift */ = {isa = PBXFileReference; fileEncoding = 4; lastKnownFileType = sourcecode.swift; path = EditProfileViewController.swift; sourceTree = "<group>"; };
		87A99EA52F0EB0CB00042EF2 /* GetCertificateViewController.swift */ = {isa = PBXFileReference; fileEncoding = 4; lastKnownFileType = sourcecode.swift; path = GetCertificateViewController.swift; sourceTree = "<group>"; };
		87A99EA62F0EB0CB00042EF2 /* ReturnStatusViewController.swift */ = {isa = PBXFileReference; fileEncoding = 4; lastKnownFileType = sourcecode.swift; path = ReturnStatusViewController.swift; sourceTree = "<group>"; };
		87A99EA72F0EB0CC00042EF2 /* SearchProductsViewController.swift */ = {isa = PBXFileReference; fileEncoding = 4; lastKnownFileType = sourcecode.swift; path = SearchProductsViewController.swift; sourceTree = "<group>"; };
		87A99EB32F0EB0E500042EF2 /* RenewCertificateViewComposerUI.swift */ = {isa = PBXFileReference; fileEncoding = 4; lastKnownFileType = sourcecode.swift; path = RenewCertificateViewComposerUI.swift; sourceTree = "<group>"; };
		87A99EB42F0EB0E500042EF2 /* ExportInvoicesViewComposerUI.swift */ = {isa = PBXFileReference; fileEncoding = 4; lastKnownFileType = sourcecode.swift; path = ExportInvoicesViewComposerUI.swift; sourceTree = "<group>"; };
		87A99EB52F0EB0E500042EF2 /* MonthlyBillingViewControllerComposerUI.swift */ = {isa = PBXFileReference; fileEncoding = 4; lastKnownFileType = sourcecode.swift; path = MonthlyBillingViewControllerComposerUI.swift; sourceTree = "<group>"; };
		87A99EB62F0EB0E500042EF2 /* TrackReturnViewComposerUI.swift */ = {isa = PBXFileReference; fileEncoding = 4; lastKnownFileType = sourcecode.swift; path = TrackReturnViewComposerUI.swift; sourceTree = "<group>"; };
		87A99EB72F0EB0E500042EF2 /* InitiateReturnViewControllerComposerUI.swift */ = {isa = PBXFileReference; fileEncoding = 4; lastKnownFileType = sourcecode.swift; path = InitiateReturnViewControllerComposerUI.swift; sourceTree = "<group>"; };
		87A99EB82F0EB0E600042EF2 /* ActiveCertificatesViewComposerUI.swift */ = {isa = PBXFileReference; fileEncoding = 4; lastKnownFileType = sourcecode.swift; path = ActiveCertificatesViewComposerUI.swift; sourceTree = "<group>"; };
		87A99EB92F0EB0E600042EF2 /* DownloadCertificateViewControllerComposerUI.swift */ = {isa = PBXFileReference; fileEncoding = 4; lastKnownFileType = sourcecode.swift; path = DownloadCertificateViewControllerComposerUI.swift; sourceTree = "<group>"; };
		87A99EBA2F0EB0E600042EF2 /* ReturnHistoryViewComposerUI.swift */ = {isa = PBXFileReference; fileEncoding = 4; lastKnownFileType = sourcecode.swift; path = ReturnHistoryViewComposerUI.swift; sourceTree = "<group>"; };
		87A99EBB2F0EB0E600042EF2 /* ViewPersonalInfoViewControllerComposerUI.swift */ = {isa = PBXFileReference; fileEncoding = 4; lastKnownFileType = sourcecode.swift; path = ViewPersonalInfoViewControllerComposerUI.swift; sourceTree = "<group>"; };
		87A99EBC2F0EB0E600042EF2 /* DownloadInvoiceViewControllerComposerUI.swift */ = {isa = PBXFileReference; fileEncoding = 4; lastKnownFileType = sourcecode.swift; path = DownloadInvoiceViewControllerComposerUI.swift; sourceTree = "<group>"; };
		87A99EBD2F0EB0E600042EF2 /* ProductDetailsViewComposerUI.swift */ = {isa = PBXFileReference; fileEncoding = 4; lastKnownFileType = sourcecode.swift; path = ProductDetailsViewComposerUI.swift; sourceTree = "<group>"; };
		87A99EBE2F0EB0E600042EF2 /* SearchProductsViewControllerComposerUI.swift */ = {isa = PBXFileReference; fileEncoding = 4; lastKnownFileType = sourcecode.swift; path = SearchProductsViewControllerComposerUI.swift; sourceTree = "<group>"; };
		87A99EBF2F0EB0E600042EF2 /* NotificationSettingsViewComposerUI.swift */ = {isa = PBXFileReference; fileEncoding = 4; lastKnownFileType = sourcecode.swift; path = NotificationSettingsViewComposerUI.swift; sourceTree = "<group>"; };
		87A99EC02F0EB0E600042EF2 /* EditProfileViewControllerComposerUI.swift */ = {isa = PBXFileReference; fileEncoding = 4; lastKnownFileType = sourcecode.swift; path = EditProfileViewControllerComposerUI.swift; sourceTree = "<group>"; };
		87A99EC12F0EB0E600042EF2 /* ChangePasswordViewComposerUI.swift */ = {isa = PBXFileReference; fileEncoding = 4; lastKnownFileType = sourcecode.swift; path = ChangePasswordViewComposerUI.swift; sourceTree = "<group>"; };
		87A99EC22F0EB0E600042EF2 /* TrackShipmentViewComposerUI.swift */ = {isa = PBXFileReference; fileEncoding = 4; lastKnownFileType = sourcecode.swift; path = TrackShipmentViewComposerUI.swift; sourceTree = "<group>"; };
		87A99EC32F0EB0E600042EF2 /* UserAccountDetailsViewControllerComposerUI.swift */ = {isa = PBXFileReference; fileEncoding = 4; lastKnownFileType = sourcecode.swift; path = UserAccountDetailsViewControllerComposerUI.swift; sourceTree = "<group>"; };
		87A99EC42F0EB0E600042EF2 /* UserSubscriptionViewComposerUI.swift */ = {isa = PBXFileReference; fileEncoding = 4; lastKnownFileType = sourcecode.swift; path = UserSubscriptionViewComposerUI.swift; sourceTree = "<group>"; };
		87A99EC52F0EB0E600042EF2 /* ReturnStatusViewControllerComposerUI.swift */ = {isa = PBXFileReference; fileEncoding = 4; lastKnownFileType = sourcecode.swift; path = ReturnStatusViewControllerComposerUI.swift; sourceTree = "<group>"; };
		87A99EC62F0EB0E600042EF2 /* InvoiceHistoryViewComposerUI.swift */ = {isa = PBXFileReference; fileEncoding = 4; lastKnownFileType = sourcecode.swift; path = InvoiceHistoryViewComposerUI.swift; sourceTree = "<group>"; };
		87A99EC72F0EB0E600042EF2 /* ViewOrdersViewControllerComposerUI.swift */ = {isa = PBXFileReference; fileEncoding = 4; lastKnownFileType = sourcecode.swift; path = ViewOrdersViewControllerComposerUI.swift; sourceTree = "<group>"; };
		87A99EC82F0EB0E600042EF2 /* GetCertificateViewControllerComposerUI.swift */ = {isa = PBXFileReference; fileEncoding = 4; lastKnownFileType = sourcecode.swift; path = GetCertificateViewControllerComposerUI.swift; sourceTree = "<group>"; };
		87A99EDF2F0EB10A00042EF2 /* UserAccountDetailsViewControllerDataResolver.swift */ = {isa = PBXFileReference; fileEncoding = 4; lastKnownFileType = sourcecode.swift; path = UserAccountDetailsViewControllerDataResolver.swift; sourceTree = "<group>"; };
		87A99EE02F0EB10A00042EF2 /* UserSubscriptionViewDataResolver.swift */ = {isa = PBXFileReference; fileEncoding = 4; lastKnownFileType = sourcecode.swift; path = UserSubscriptionViewDataResolver.swift; sourceTree = "<group>"; };
		87A99EE52F0EB99700042EF2 /* LabelStyles.swift */ = {isa = PBXFileReference; fileEncoding = 4; lastKnownFileType = sourcecode.swift; path = LabelStyles.swift; sourceTree = "<group>"; };
		87A99EE62F0EB99700042EF2 /* CardStyles.swift */ = {isa = PBXFileReference; fileEncoding = 4; lastKnownFileType = sourcecode.swift; path = CardStyles.swift; sourceTree = "<group>"; };
		87A99EE72F0EB99700042EF2 /* ButtonStyles.swift */ = {isa = PBXFileReference; fileEncoding = 4; lastKnownFileType = sourcecode.swift; path = ButtonStyles.swift; sourceTree = "<group>"; };
		87A99EE92F0EB99700042EF2 /* ThemeManager.swift */ = {isa = PBXFileReference; fileEncoding = 4; lastKnownFileType = sourcecode.swift; path = ThemeManager.swift; sourceTree = "<group>"; };
		87A99EEA2F0EB99700042EF2 /* AppTheme.swift */ = {isa = PBXFileReference; fileEncoding = 4; lastKnownFileType = sourcecode.swift; path = AppTheme.swift; sourceTree = "<group>"; };
		87A99EEC2F0EB99700042EF2 /* DesignSystemShowcase.swift */ = {isa = PBXFileReference; fileEncoding = 4; lastKnownFileType = sourcecode.swift; path = DesignSystemShowcase.swift; sourceTree = "<group>"; };
		87A99EF52F0EF97C00042EF2 /* ProfileView.swift */ = {isa = PBXFileReference; fileEncoding = 4; lastKnownFileType = sourcecode.swift; path = ProfileView.swift; sourceTree = "<group>"; };
		87A99EF62F0EF97C00042EF2 /* HomeView.swift */ = {isa = PBXFileReference; fileEncoding = 4; lastKnownFileType = sourcecode.swift; path = HomeView.swift; sourceTree = "<group>"; };
		87A99EF72F0EF97C00042EF2 /* BillingView.swift */ = {isa = PBXFileReference; fileEncoding = 4; lastKnownFileType = sourcecode.swift; path = BillingView.swift; sourceTree = "<group>"; };
		87A99EF82F0EF97C00042EF2 /* MainTabView.swift */ = {isa = PBXFileReference; fileEncoding = 4; lastKnownFileType = sourcecode.swift; path = MainTabView.swift; sourceTree = "<group>"; };
		87A99EFA2F0EF97C00042EF2 /* FunctionalityCardButton.swift */ = {isa = PBXFileReference; fileEncoding = 4; lastKnownFileType = sourcecode.swift; path = FunctionalityCardButton.swift; sourceTree = "<group>"; };
		87A99EFB2F0EF97C00042EF2 /* FunctionalityGridView.swift */ = {isa = PBXFileReference; fileEncoding = 4; lastKnownFileType = sourcecode.swift; path = FunctionalityGridView.swift; sourceTree = "<group>"; };
		87A99F032F0EF9B700042EF2 /* FunctionalityService.swift */ = {isa = PBXFileReference; fileEncoding = 4; lastKnownFileType = sourcecode.swift; path = FunctionalityService.swift; sourceTree = "<group>"; };
		87EB9A7A2F0D7DFF00E2717E /* FunctionalityDataResolver.swift */ = {isa = PBXFileReference; fileEncoding = 4; lastKnownFileType = sourcecode.swift; path = FunctionalityDataResolver.swift; sourceTree = "<group>"; };
		87EB9A852F0D808F00E2717E /* FunctionalityDataResolverTests.swift */ = {isa = PBXFileReference; fileEncoding = 4; lastKnownFileType = sourcecode.swift; path = FunctionalityDataResolverTests.swift; sourceTree = "<group>"; };
		87EB9A862F0D808F00E2717E /* ExternalDataFunctionalityTests.swift */ = {isa = PBXFileReference; fileEncoding = 4; lastKnownFileType = sourcecode.swift; path = ExternalDataFunctionalityTests.swift; sourceTree = "<group>"; };
		87EB9A892F0D9DB100E2717E /* FunctionalitySearcher.xctestplan */ = {isa = PBXFileReference; lastKnownFileType = text; path = FunctionalitySearcher.xctestplan; sourceTree = "<group>"; };
		87EB9AB72F0DB4C400E2717E /* IndependentFunctionalityViewController.swift */ = {isa = PBXFileReference; fileEncoding = 4; lastKnownFileType = sourcecode.swift; path = IndependentFunctionalityViewController.swift; sourceTree = "<group>"; };
		87EB9ABE2F0DB56C00E2717E /* SwiftUIFunctionalityScaffold.swift */ = {isa = PBXFileReference; fileEncoding = 4; lastKnownFileType = sourcecode.swift; path = SwiftUIFunctionalityScaffold.swift; sourceTree = "<group>"; };
/* End PBXFileReference section */

/* Begin PBXFrameworksBuildPhase section */
		8724B9412F0C231800E6D8D0 /* Frameworks */ = {
			isa = PBXFrameworksBuildPhase;
			buildActionMask = 2147483647;
			files = (
			);
			runOnlyForDeploymentPostprocessing = 0;
		};
		8724B9572F0C231B00E6D8D0 /* Frameworks */ = {
			isa = PBXFrameworksBuildPhase;
			buildActionMask = 2147483647;
			files = (
			);
			runOnlyForDeploymentPostprocessing = 0;
		};
/* End PBXFrameworksBuildPhase section */

/* Begin PBXGroup section */
		8724B93B2F0C231800E6D8D0 = {
			isa = PBXGroup;
			children = (
				87EB9A892F0D9DB100E2717E /* FunctionalitySearcher.xctestplan */,
				8724B9462F0C231800E6D8D0 /* FunctionalitySearcher */,
				8724B95D2F0C231B00E6D8D0 /* FunctionalitySearcherTests */,
				8724B9452F0C231800E6D8D0 /* Products */,
			);
			sourceTree = "<group>";
		};
		8724B9452F0C231800E6D8D0 /* Products */ = {
			isa = PBXGroup;
			children = (
				8724B9442F0C231800E6D8D0 /* FunctionalitySearcher.app */,
				8724B95A2F0C231B00E6D8D0 /* FunctionalitySearcherTests.xctest */,
			);
			name = Products;
			sourceTree = "<group>";
		};
		8724B9462F0C231800E6D8D0 /* FunctionalitySearcher */ = {
			isa = PBXGroup;
			children = (
				87A99EF32F0EF97C00042EF2 /* UI */,
				87A99EE32F0EB99700042EF2 /* DesignSystem */,
				8724B9842F0C2EA700E6D8D0 /* Core */,
				8724B9922F0C2EA700E6D8D0 /* Functionalities */,
				8724B97D2F0C2EA700E6D8D0 /* Search */,
				8724B9472F0C231800E6D8D0 /* AppDelegate.swift */,
				8724B9492F0C231800E6D8D0 /* SceneDelegate.swift */,
				8724B94B2F0C231800E6D8D0 /* ViewController.swift */,
				8724B94D2F0C231800E6D8D0 /* Main.storyboard */,
				8724B9502F0C231B00E6D8D0 /* Assets.xcassets */,
				8724B9522F0C231B00E6D8D0 /* LaunchScreen.storyboard */,
				8724B9552F0C231B00E6D8D0 /* Info.plist */,
			);
			path = FunctionalitySearcher;
			sourceTree = "<group>";
		};
		8724B95D2F0C231B00E6D8D0 /* FunctionalitySearcherTests */ = {
			isa = PBXGroup;
			children = (
				87EB9A862F0D808F00E2717E /* ExternalDataFunctionalityTests.swift */,
				87EB9A852F0D808F00E2717E /* FunctionalityDataResolverTests.swift */,
				8724B9E02F0C7C5700E6D8D0 /* AppContextTests.swift */,
				8724B9DE2F0C7C5700E6D8D0 /* AppCoordinatorIntegrationTests.swift */,
				8724B9E42F0C7C5700E6D8D0 /* ConcreteFunctionalityFactoryTests.swift */,
				8724B9E52F0C7C5700E6D8D0 /* FunctionalityArgumentValueTests.swift */,
				8724B9DD2F0C7C5700E6D8D0 /* FunctionalityCoordinatorTests.swift */,
				8724B9DF2F0C7C5700E6D8D0 /* FunctionalityDataProviderTests.swift */,
				8724B9DC2F0C7C5700E6D8D0 /* FunctionalityIntegrationTests.swift */,
				8724B9E12F0C7C5700E6D8D0 /* FunctionalityTests.swift */,
				8724B9E22F0C7C5700E6D8D0 /* FunctionalityViewControllerTests.swift */,
				8724B9E32F0C7C5700E6D8D0 /* SwiftUIFunctionalityTests.swift */,
				8724B95E2F0C231B00E6D8D0 /* FunctionalitySearcherTests.swift */,
			);
			path = FunctionalitySearcherTests;
			sourceTree = "<group>";
		};
		8724B97D2F0C2EA700E6D8D0 /* Search */ = {
			isa = PBXGroup;
			children = (
				8724B97E2F0C2EA700E6D8D0 /* ViewModels */,
				8724B9802F0C2EA700E6D8D0 /* Views */,
				8724B9822F0C2EA700E6D8D0 /* Services */,
			);
			path = Search;
			sourceTree = "<group>";
		};
		8724B97E2F0C2EA700E6D8D0 /* ViewModels */ = {
			isa = PBXGroup;
			children = (
				8724B97F2F0C2EA700E6D8D0 /* SearchViewModel.swift */,
			);
			path = ViewModels;
			sourceTree = "<group>";
		};
		8724B9802F0C2EA700E6D8D0 /* Views */ = {
			isa = PBXGroup;
			children = (
				8724B9812F0C2EA700E6D8D0 /* SearchView.swift */,
			);
			path = Views;
			sourceTree = "<group>";
		};
		8724B9822F0C2EA700E6D8D0 /* Services */ = {
			isa = PBXGroup;
			children = (
				8724B9832F0C2EA700E6D8D0 /* MockSearchService.swift */,
			);
			path = Services;
			sourceTree = "<group>";
		};
		8724B9842F0C2EA700E6D8D0 /* Core */ = {
			isa = PBXGroup;
			children = (
				87A99F022F0EF9B700042EF2 /* Services */,
				8724B9852F0C2EA700E6D8D0 /* Coordinators */,
				8724B9882F0C2EA700E6D8D0 /* Models */,
				8724B98D2F0C2EA700E6D8D0 /* Protocols */,
			);
			path = Core;
			sourceTree = "<group>";
		};
		8724B9852F0C2EA700E6D8D0 /* Coordinators */ = {
			isa = PBXGroup;
			children = (
				8724B9862F0C2EA700E6D8D0 /* AppCoordinator.swift */,
				8724B9872F0C2EA700E6D8D0 /* FunctionalityCoordinator.swift */,
			);
			path = Coordinators;
			sourceTree = "<group>";
		};
		8724B9882F0C2EA700E6D8D0 /* Models */ = {
			isa = PBXGroup;
			children = (
				8724B9D82F0C77D300E6D8D0 /* AppContext.swift */,
				8724B9892F0C2EA700E6D8D0 /* UIType.swift */,
				8724B98A2F0C2EA700E6D8D0 /* SearchResult.swift */,
				8724B98B2F0C2EA700E6D8D0 /* FunctionalityDataProvider.swift */,
				8724B98C2F0C2EA700E6D8D0 /* Functionality.swift */,
				8724B9DA2F0C787700E6D8D0 /* FunctionalityArgumentValue.swift */,
			);
			path = Models;
			sourceTree = "<group>";
		};
		8724B98D2F0C2EA700E6D8D0 /* Protocols */ = {
			isa = PBXGroup;
			children = (
				87EB9A7A2F0D7DFF00E2717E /* FunctionalityDataResolver.swift */,
				8724B98E2F0C2EA700E6D8D0 /* FunctionalityViewProtocol.swift */,
				8724B98F2F0C2EA700E6D8D0 /* FunctionalityFactoryProtocol.swift */,
				8724B9902F0C2EA700E6D8D0 /* SearchServiceProtocol.swift */,
				8724B9912F0C2EA700E6D8D0 /* FunctionalityViewControllerProtocol.swift */,
			);
			path = Protocols;
			sourceTree = "<group>";
		};
		8724B9922F0C2EA700E6D8D0 /* Functionalities */ = {
			isa = PBXGroup;
			children = (
				87EB9A8A2F0DAA3D00E2717E /* Composers */,
				87EB9A7C2F0D7E2A00E2717E /* DataResolvers */,
				8724B9932F0C2EA800E6D8D0 /* UIKit */,
				8724B9962F0C2EA800E6D8D0 /* Factory */,
				8724B9982F0C2EA800E6D8D0 /* Base */,
				8724B99B2F0C2EA800E6D8D0 /* SwiftUI */,
			);
			path = Functionalities;
			sourceTree = "<group>";
		};
		8724B9932F0C2EA800E6D8D0 /* UIKit */ = {
			isa = PBXGroup;
			children = (
				87A99EA32F0EB0CB00042EF2 /* DownloadCertificateViewController.swift */,
				87A99EA12F0EB0CB00042EF2 /* DownloadInvoiceViewController.swift */,
				87A99EA42F0EB0CB00042EF2 /* EditProfileViewController.swift */,
				87A99EA52F0EB0CB00042EF2 /* GetCertificateViewController.swift */,
				87A99E9E2F0EB0CB00042EF2 /* InitiateReturnViewController.swift */,
				87A99EA22F0EB0CB00042EF2 /* MonthlyBillingViewController.swift */,
				87A99EA62F0EB0CB00042EF2 /* ReturnStatusViewController.swift */,
				87A99EA72F0EB0CC00042EF2 /* SearchProductsViewController.swift */,
				87A99E9D2F0EB0CB00042EF2 /* UserAccountDetailsViewController.swift */,
				87A99E9F2F0EB0CB00042EF2 /* ViewOrdersViewController.swift */,
				87A99EA02F0EB0CB00042EF2 /* ViewPersonalInfoViewController.swift */,
				8724B9942F0C2EA800E6D8D0 /* Templates */,
			);
			path = UIKit;
			sourceTree = "<group>";
		};
		8724B9942F0C2EA800E6D8D0 /* Templates */ = {
			isa = PBXGroup;
			children = (
				8724B9952F0C2EA800E6D8D0 /* UIKitFunctionalityTemplate.swift */,
			);
			path = Templates;
			sourceTree = "<group>";
		};
		8724B9962F0C2EA800E6D8D0 /* Factory */ = {
			isa = PBXGroup;
			children = (
				8724B9972F0C2EA800E6D8D0 /* ConcreteFunctionalityFactory.swift */,
			);
			path = Factory;
			sourceTree = "<group>";
		};
		8724B9982F0C2EA800E6D8D0 /* Base */ = {
			isa = PBXGroup;
			children = (
				87EB9AB72F0DB4C400E2717E /* IndependentFunctionalityViewController.swift */,
				8724B9992F0C2EA800E6D8D0 /* BaseFunctionalityViewController.swift */,
				8724B99A2F0C2EA800E6D8D0 /* BaseFunctionalityView.swift */,
			);
			path = Base;
			sourceTree = "<group>";
		};
		8724B99B2F0C2EA800E6D8D0 /* SwiftUI */ = {
			isa = PBXGroup;
			children = (
				87A99E872F0EB0B800042EF2 /* ActiveCertificatesView.swift */,
				87A99E882F0EB0B800042EF2 /* ChangePasswordView.swift */,
				87A99E8B2F0EB0B800042EF2 /* ExportInvoicesView.swift */,
				87A99E8A2F0EB0B800042EF2 /* InvoiceHistoryView.swift */,
				87A99E8C2F0EB0B800042EF2 /* NotificationSettingsView.swift */,
				87A99E892F0EB0B800042EF2 /* ProductDetailsView.swift */,
				87A99E8D2F0EB0B800042EF2 /* RenewCertificateView.swift */,
				87A99E8E2F0EB0B800042EF2 /* ReturnHistoryView.swift */,
				87A99E8F2F0EB0B800042EF2 /* TrackReturnView.swift */,
				87A99E902F0EB0B800042EF2 /* TrackShipmentView.swift */,
				87A99E912F0EB0B800042EF2 /* UserSubscriptionView.swift */,
				87EB9ABB2F0DB54800E2717E /* Components */,
				8724B99C2F0C2EA800E6D8D0 /* Templates */,
			);
			path = SwiftUI;
			sourceTree = "<group>";
		};
		8724B99C2F0C2EA800E6D8D0 /* Templates */ = {
			isa = PBXGroup;
			children = (
				8724B99D2F0C2EA800E6D8D0 /* SwiftUIFunctionalityTemplate.swift */,
			);
			path = Templates;
			sourceTree = "<group>";
		};
		87A99EE32F0EB99700042EF2 /* DesignSystem */ = {
			isa = PBXGroup;
			children = (
				87A99EE42F0EB99700042EF2 /* Components */,
				87A99EE82F0EB99700042EF2 /* Theme */,
				87A99EEB2F0EB99700042EF2 /* Examples */,
			);
			path = DesignSystem;
			sourceTree = "<group>";
		};
		87A99EE42F0EB99700042EF2 /* Components */ = {
			isa = PBXGroup;
			children = (
				87A99EE52F0EB99700042EF2 /* LabelStyles.swift */,
				87A99EE62F0EB99700042EF2 /* CardStyles.swift */,
				87A99EE72F0EB99700042EF2 /* ButtonStyles.swift */,
			);
			path = Components;
			sourceTree = "<group>";
		};
		87A99EE82F0EB99700042EF2 /* Theme */ = {
			isa = PBXGroup;
			children = (
				87A99EE92F0EB99700042EF2 /* ThemeManager.swift */,
				87A99EEA2F0EB99700042EF2 /* AppTheme.swift */,
			);
			path = Theme;
			sourceTree = "<group>";
		};
		87A99EEB2F0EB99700042EF2 /* Examples */ = {
			isa = PBXGroup;
			children = (
				87A99EEC2F0EB99700042EF2 /* DesignSystemShowcase.swift */,
			);
			path = Examples;
			sourceTree = "<group>";
		};
		87A99EF32F0EF97C00042EF2 /* UI */ = {
			isa = PBXGroup;
			children = (
				87A99EF42F0EF97C00042EF2 /* Tabs */,
				87A99EF82F0EF97C00042EF2 /* MainTabView.swift */,
				87A99EF92F0EF97C00042EF2 /* Components */,
			);
			path = UI;
			sourceTree = "<group>";
		};
		87A99EF42F0EF97C00042EF2 /* Tabs */ = {
			isa = PBXGroup;
			children = (
				87A99EF52F0EF97C00042EF2 /* ProfileView.swift */,
				87A99EF62F0EF97C00042EF2 /* HomeView.swift */,
				87A99EF72F0EF97C00042EF2 /* BillingView.swift */,
			);
			path = Tabs;
			sourceTree = "<group>";
		};
		87A99EF92F0EF97C00042EF2 /* Components */ = {
			isa = PBXGroup;
			children = (
				87A99EFA2F0EF97C00042EF2 /* FunctionalityCardButton.swift */,
				87A99EFB2F0EF97C00042EF2 /* FunctionalityGridView.swift */,
			);
			path = Components;
			sourceTree = "<group>";
		};
		87A99F022F0EF9B700042EF2 /* Services */ = {
			isa = PBXGroup;
			children = (
				87A99F032F0EF9B700042EF2 /* FunctionalityService.swift */,
			);
			path = Services;
			sourceTree = "<group>";
		};
		87EB9A7C2F0D7E2A00E2717E /* DataResolvers */ = {
			isa = PBXGroup;
			children = (
				87A99EDF2F0EB10A00042EF2 /* UserAccountDetailsViewControllerDataResolver.swift */,
				87A99EE02F0EB10A00042EF2 /* UserSubscriptionViewDataResolver.swift */,
			);
			path = DataResolvers;
			sourceTree = "<group>";
		};
		87EB9A8A2F0DAA3D00E2717E /* Composers */ = {
			isa = PBXGroup;
			children = (
				87A99EB82F0EB0E600042EF2 /* ActiveCertificatesViewComposerUI.swift */,
				87A99EC12F0EB0E600042EF2 /* ChangePasswordViewComposerUI.swift */,
				87A99EB92F0EB0E600042EF2 /* DownloadCertificateViewControllerComposerUI.swift */,
				87A99EBC2F0EB0E600042EF2 /* DownloadInvoiceViewControllerComposerUI.swift */,
				87A99EC02F0EB0E600042EF2 /* EditProfileViewControllerComposerUI.swift */,
				87A99EB42F0EB0E500042EF2 /* ExportInvoicesViewComposerUI.swift */,
				87A99EC82F0EB0E600042EF2 /* GetCertificateViewControllerComposerUI.swift */,
				87A99EB72F0EB0E500042EF2 /* InitiateReturnViewControllerComposerUI.swift */,
				87A99EC62F0EB0E600042EF2 /* InvoiceHistoryViewComposerUI.swift */,
				87A99EB52F0EB0E500042EF2 /* MonthlyBillingViewControllerComposerUI.swift */,
				87A99EBF2F0EB0E600042EF2 /* NotificationSettingsViewComposerUI.swift */,
				87A99EBD2F0EB0E600042EF2 /* ProductDetailsViewComposerUI.swift */,
				87A99EB32F0EB0E500042EF2 /* RenewCertificateViewComposerUI.swift */,
				87A99EBA2F0EB0E600042EF2 /* ReturnHistoryViewComposerUI.swift */,
				87A99EC52F0EB0E600042EF2 /* ReturnStatusViewControllerComposerUI.swift */,
				87A99EBE2F0EB0E600042EF2 /* SearchProductsViewControllerComposerUI.swift */,
				87A99EB62F0EB0E500042EF2 /* TrackReturnViewComposerUI.swift */,
				87A99EC22F0EB0E600042EF2 /* TrackShipmentViewComposerUI.swift */,
				87A99EC32F0EB0E600042EF2 /* UserAccountDetailsViewControllerComposerUI.swift */,
				87A99EC42F0EB0E600042EF2 /* UserSubscriptionViewComposerUI.swift */,
				87A99EC72F0EB0E600042EF2 /* ViewOrdersViewControllerComposerUI.swift */,
				87A99EBB2F0EB0E600042EF2 /* ViewPersonalInfoViewControllerComposerUI.swift */,
			);
			path = Composers;
			sourceTree = "<group>";
		};
		87EB9ABB2F0DB54800E2717E /* Components */ = {
			isa = PBXGroup;
			children = (
				87EB9ABE2F0DB56C00E2717E /* SwiftUIFunctionalityScaffold.swift */,
			);
			path = Components;
			sourceTree = "<group>";
		};
/* End PBXGroup section */

/* Begin PBXNativeTarget section */
		8724B9432F0C231800E6D8D0 /* FunctionalitySearcher */ = {
			isa = PBXNativeTarget;
			buildConfigurationList = 8724B96E2F0C231C00E6D8D0 /* Build configuration list for PBXNativeTarget "FunctionalitySearcher" */;
			buildPhases = (
				8724B9402F0C231800E6D8D0 /* Sources */,
				8724B9412F0C231800E6D8D0 /* Frameworks */,
				8724B9422F0C231800E6D8D0 /* Resources */,
			);
			buildRules = (
			);
			dependencies = (
			);
			name = FunctionalitySearcher;
			productName = FunctionalitySearcher;
			productReference = 8724B9442F0C231800E6D8D0 /* FunctionalitySearcher.app */;
			productType = "com.apple.product-type.application";
		};
		8724B9592F0C231B00E6D8D0 /* FunctionalitySearcherTests */ = {
			isa = PBXNativeTarget;
			buildConfigurationList = 8724B9712F0C231C00E6D8D0 /* Build configuration list for PBXNativeTarget "FunctionalitySearcherTests" */;
			buildPhases = (
				8724B9562F0C231B00E6D8D0 /* Sources */,
				8724B9572F0C231B00E6D8D0 /* Frameworks */,
				8724B9582F0C231B00E6D8D0 /* Resources */,
			);
			buildRules = (
			);
			dependencies = (
				8724B95C2F0C231B00E6D8D0 /* PBXTargetDependency */,
			);
			name = FunctionalitySearcherTests;
			productName = FunctionalitySearcherTests;
			productReference = 8724B95A2F0C231B00E6D8D0 /* FunctionalitySearcherTests.xctest */;
			productType = "com.apple.product-type.bundle.unit-test";
		};
/* End PBXNativeTarget section */

/* Begin PBXProject section */
		8724B93C2F0C231800E6D8D0 /* Project object */ = {
			isa = PBXProject;
			attributes = {
				BuildIndependentTargetsInParallel = 1;
				LastSwiftUpdateCheck = 1510;
				LastUpgradeCheck = 1510;
				TargetAttributes = {
					8724B9432F0C231800E6D8D0 = {
						CreatedOnToolsVersion = 15.1;
					};
					8724B9592F0C231B00E6D8D0 = {
						CreatedOnToolsVersion = 15.1;
						TestTargetID = 8724B9432F0C231800E6D8D0;
					};
				};
			};
			buildConfigurationList = 8724B93F2F0C231800E6D8D0 /* Build configuration list for PBXProject "FunctionalitySearcher" */;
			compatibilityVersion = "Xcode 14.0";
			developmentRegion = en;
			hasScannedForEncodings = 0;
			knownRegions = (
				en,
				Base,
			);
			mainGroup = 8724B93B2F0C231800E6D8D0;
			productRefGroup = 8724B9452F0C231800E6D8D0 /* Products */;
			projectDirPath = "";
			projectRoot = "";
			targets = (
				8724B9432F0C231800E6D8D0 /* FunctionalitySearcher */,
				8724B9592F0C231B00E6D8D0 /* FunctionalitySearcherTests */,
			);
		};
/* End PBXProject section */

/* Begin PBXResourcesBuildPhase section */
		8724B9422F0C231800E6D8D0 /* Resources */ = {
			isa = PBXResourcesBuildPhase;
			buildActionMask = 2147483647;
			files = (
				8724B9542F0C231B00E6D8D0 /* LaunchScreen.storyboard in Resources */,
				8724B9512F0C231B00E6D8D0 /* Assets.xcassets in Resources */,
				8724B94F2F0C231800E6D8D0 /* Main.storyboard in Resources */,
			);
			runOnlyForDeploymentPostprocessing = 0;
		};
		8724B9582F0C231B00E6D8D0 /* Resources */ = {
			isa = PBXResourcesBuildPhase;
			buildActionMask = 2147483647;
			files = (
			);
			runOnlyForDeploymentPostprocessing = 0;
		};
/* End PBXResourcesBuildPhase section */

/* Begin PBXSourcesBuildPhase section */
		8724B9402F0C231800E6D8D0 /* Sources */ = {
			isa = PBXSourcesBuildPhase;
			buildActionMask = 2147483647;
			files = (
				87A99EDA2F0EB0E700042EF2 /* UserSubscriptionViewComposerUI.swift in Sources */,
				87A99E932F0EB0B900042EF2 /* ChangePasswordView.swift in Sources */,
				87A99F042F0EF9B700042EF2 /* FunctionalityService.swift in Sources */,
				87A99EB02F0EB0CC00042EF2 /* GetCertificateViewController.swift in Sources */,
				8724B9AF2F0C2EA800E6D8D0 /* SwiftUIFunctionalityTemplate.swift in Sources */,
				8724B9A82F0C2EA800E6D8D0 /* FunctionalityFactoryProtocol.swift in Sources */,
				8724B9AE2F0C2EA800E6D8D0 /* BaseFunctionalityView.swift in Sources */,
				87A99ED72F0EB0E700042EF2 /* ChangePasswordViewComposerUI.swift in Sources */,
				8724B9AB2F0C2EA800E6D8D0 /* UIKitFunctionalityTemplate.swift in Sources */,
				87A99E9C2F0EB0B900042EF2 /* UserSubscriptionView.swift in Sources */,
				87EB9ABF2F0DB56C00E2717E /* SwiftUIFunctionalityScaffold.swift in Sources */,
				87A99ECF2F0EB0E600042EF2 /* DownloadCertificateViewControllerComposerUI.swift in Sources */,
				8724B99F2F0C2EA800E6D8D0 /* SearchView.swift in Sources */,
				87A99ECA2F0EB0E600042EF2 /* ExportInvoicesViewComposerUI.swift in Sources */,
				87A99EFD2F0EF97C00042EF2 /* HomeView.swift in Sources */,
				87A99E942F0EB0B900042EF2 /* ProductDetailsView.swift in Sources */,
				87A99ECC2F0EB0E600042EF2 /* TrackReturnViewComposerUI.swift in Sources */,
				87A99EF02F0EB99900042EF2 /* ThemeManager.swift in Sources */,
				8724B9AD2F0C2EA800E6D8D0 /* BaseFunctionalityViewController.swift in Sources */,
				87A99E922F0EB0B900042EF2 /* ActiveCertificatesView.swift in Sources */,
				87A99E982F0EB0B900042EF2 /* RenewCertificateView.swift in Sources */,
				87A99F012F0EF97C00042EF2 /* FunctionalityGridView.swift in Sources */,
				8724B9DB2F0C787800E6D8D0 /* FunctionalityArgumentValue.swift in Sources */,
				87A99EDD2F0EB0E700042EF2 /* ViewOrdersViewControllerComposerUI.swift in Sources */,
				87A99EDE2F0EB0E700042EF2 /* GetCertificateViewControllerComposerUI.swift in Sources */,
				87A99EED2F0EB99900042EF2 /* LabelStyles.swift in Sources */,
				87A99ED92F0EB0E700042EF2 /* UserAccountDetailsViewControllerComposerUI.swift in Sources */,
				8724B94C2F0C231800E6D8D0 /* ViewController.swift in Sources */,
				87A99ED22F0EB0E600042EF2 /* DownloadInvoiceViewControllerComposerUI.swift in Sources */,
				87A99ECB2F0EB0E600042EF2 /* MonthlyBillingViewControllerComposerUI.swift in Sources */,
				8724B9A52F0C2EA800E6D8D0 /* FunctionalityDataProvider.swift in Sources */,
				87A99E972F0EB0B900042EF2 /* NotificationSettingsView.swift in Sources */,
				8724B9A42F0C2EA800E6D8D0 /* SearchResult.swift in Sources */,
				87A99E952F0EB0B900042EF2 /* InvoiceHistoryView.swift in Sources */,
				8724B9482F0C231800E6D8D0 /* AppDelegate.swift in Sources */,
				87A99EE22F0EB10A00042EF2 /* UserSubscriptionViewDataResolver.swift in Sources */,
				87A99EB22F0EB0CC00042EF2 /* SearchProductsViewController.swift in Sources */,
				87A99EEE2F0EB99900042EF2 /* CardStyles.swift in Sources */,
				87A99ED12F0EB0E600042EF2 /* ViewPersonalInfoViewControllerComposerUI.swift in Sources */,
				87A99EC92F0EB0E600042EF2 /* RenewCertificateViewComposerUI.swift in Sources */,
				87A99EA92F0EB0CC00042EF2 /* InitiateReturnViewController.swift in Sources */,
				87A99ECD2F0EB0E600042EF2 /* InitiateReturnViewControllerComposerUI.swift in Sources */,
				8724B9A02F0C2EA800E6D8D0 /* MockSearchService.swift in Sources */,
				87EB9AB82F0DB4C400E2717E /* IndependentFunctionalityViewController.swift in Sources */,
				8724B9A32F0C2EA800E6D8D0 /* UIType.swift in Sources */,
				87A99EFE2F0EF97C00042EF2 /* BillingView.swift in Sources */,
				87A99EAC2F0EB0CC00042EF2 /* DownloadInvoiceViewController.swift in Sources */,
				87A99EDC2F0EB0E700042EF2 /* InvoiceHistoryViewComposerUI.swift in Sources */,
				87A99EEF2F0EB99900042EF2 /* ButtonStyles.swift in Sources */,
				87A99ED62F0EB0E700042EF2 /* EditProfileViewControllerComposerUI.swift in Sources */,
				8724B9AC2F0C2EA800E6D8D0 /* ConcreteFunctionalityFactory.swift in Sources */,
				8724B9A62F0C2EA800E6D8D0 /* Functionality.swift in Sources */,
				87A99ED32F0EB0E700042EF2 /* ProductDetailsViewComposerUI.swift in Sources */,
				87A99EAB2F0EB0CC00042EF2 /* ViewPersonalInfoViewController.swift in Sources */,
				87A99EAF2F0EB0CC00042EF2 /* EditProfileViewController.swift in Sources */,
				8724B99E2F0C2EA800E6D8D0 /* SearchViewModel.swift in Sources */,
				87A99ED52F0EB0E700042EF2 /* NotificationSettingsViewComposerUI.swift in Sources */,
				87A99E962F0EB0B900042EF2 /* ExportInvoicesView.swift in Sources */,
				8724B9A72F0C2EA800E6D8D0 /* FunctionalityViewProtocol.swift in Sources */,
				87A99EFF2F0EF97C00042EF2 /* MainTabView.swift in Sources */,
				87A99E9B2F0EB0B900042EF2 /* TrackShipmentView.swift in Sources */,
				87A99EF12F0EB99900042EF2 /* AppTheme.swift in Sources */,
				8724B94A2F0C231800E6D8D0 /* SceneDelegate.swift in Sources */,
				8724B9D92F0C77D300E6D8D0 /* AppContext.swift in Sources */,
				87A99EF22F0EB99900042EF2 /* DesignSystemShowcase.swift in Sources */,
				87A99ED02F0EB0E600042EF2 /* ReturnHistoryViewComposerUI.swift in Sources */,
				87A99ECE2F0EB0E600042EF2 /* ActiveCertificatesViewComposerUI.swift in Sources */,
				87A99ED42F0EB0E700042EF2 /* SearchProductsViewControllerComposerUI.swift in Sources */,
				87A99EDB2F0EB0E700042EF2 /* ReturnStatusViewControllerComposerUI.swift in Sources */,
				87A99E992F0EB0B900042EF2 /* ReturnHistoryView.swift in Sources */,
				8724B9A22F0C2EA800E6D8D0 /* FunctionalityCoordinator.swift in Sources */,
				87A99EAA2F0EB0CC00042EF2 /* ViewOrdersViewController.swift in Sources */,
				8724B9A92F0C2EA800E6D8D0 /* SearchServiceProtocol.swift in Sources */,
				87A99EAD2F0EB0CC00042EF2 /* MonthlyBillingViewController.swift in Sources */,
				8724B9AA2F0C2EA800E6D8D0 /* FunctionalityViewControllerProtocol.swift in Sources */,
				87A99ED82F0EB0E700042EF2 /* TrackShipmentViewComposerUI.swift in Sources */,
				87A99EB12F0EB0CC00042EF2 /* ReturnStatusViewController.swift in Sources */,
				87A99EAE2F0EB0CC00042EF2 /* DownloadCertificateViewController.swift in Sources */,
				8724B9A12F0C2EA800E6D8D0 /* AppCoordinator.swift in Sources */,
				87A99E9A2F0EB0B900042EF2 /* TrackReturnView.swift in Sources */,
				87A99EE12F0EB10A00042EF2 /* UserAccountDetailsViewControllerDataResolver.swift in Sources */,
				87A99EFC2F0EF97C00042EF2 /* ProfileView.swift in Sources */,
				87A99F002F0EF97C00042EF2 /* FunctionalityCardButton.swift in Sources */,
				87A99EA82F0EB0CC00042EF2 /* UserAccountDetailsViewController.swift in Sources */,
				87EB9A7B2F0D7DFF00E2717E /* FunctionalityDataResolver.swift in Sources */,
			);
			runOnlyForDeploymentPostprocessing = 0;
		};
		8724B9562F0C231B00E6D8D0 /* Sources */ = {
			isa = PBXSourcesBuildPhase;
			buildActionMask = 2147483647;
			files = (
				8724B9E92F0C7C5700E6D8D0 /* FunctionalityDataProviderTests.swift in Sources */,
				87EB9A882F0D809000E2717E /* ExternalDataFunctionalityTests.swift in Sources */,
				8724B9E62F0C7C5700E6D8D0 /* FunctionalityIntegrationTests.swift in Sources */,
				8724B9EB2F0C7C5700E6D8D0 /* FunctionalityTests.swift in Sources */,
				87EB9A872F0D809000E2717E /* FunctionalityDataResolverTests.swift in Sources */,
				8724B95F2F0C231B00E6D8D0 /* FunctionalitySearcherTests.swift in Sources */,
				8724B9EC2F0C7C5700E6D8D0 /* FunctionalityViewControllerTests.swift in Sources */,
				8724B9ED2F0C7C5700E6D8D0 /* SwiftUIFunctionalityTests.swift in Sources */,
				8724B9EA2F0C7C5700E6D8D0 /* AppContextTests.swift in Sources */,
				8724B9EE2F0C7C5700E6D8D0 /* ConcreteFunctionalityFactoryTests.swift in Sources */,
				8724B9E72F0C7C5700E6D8D0 /* FunctionalityCoordinatorTests.swift in Sources */,
				8724B9E82F0C7C5700E6D8D0 /* AppCoordinatorIntegrationTests.swift in Sources */,
				8724B9EF2F0C7C5700E6D8D0 /* FunctionalityArgumentValueTests.swift in Sources */,
			);
			runOnlyForDeploymentPostprocessing = 0;
		};
/* End PBXSourcesBuildPhase section */

/* Begin PBXTargetDependency section */
		8724B95C2F0C231B00E6D8D0 /* PBXTargetDependency */ = {
			isa = PBXTargetDependency;
			target = 8724B9432F0C231800E6D8D0 /* FunctionalitySearcher */;
			targetProxy = 8724B95B2F0C231B00E6D8D0 /* PBXContainerItemProxy */;
		};
/* End PBXTargetDependency section */

/* Begin PBXVariantGroup section */
		8724B94D2F0C231800E6D8D0 /* Main.storyboard */ = {
			isa = PBXVariantGroup;
			children = (
				8724B94E2F0C231800E6D8D0 /* Base */,
			);
			name = Main.storyboard;
			sourceTree = "<group>";
		};
		8724B9522F0C231B00E6D8D0 /* LaunchScreen.storyboard */ = {
			isa = PBXVariantGroup;
			children = (
				8724B9532F0C231B00E6D8D0 /* Base */,
			);
			name = LaunchScreen.storyboard;
			sourceTree = "<group>";
		};
/* End PBXVariantGroup section */

/* Begin XCBuildConfiguration section */
		8724B96C2F0C231C00E6D8D0 /* Debug */ = {
			isa = XCBuildConfiguration;
			buildSettings = {
				ALWAYS_SEARCH_USER_PATHS = NO;
				ASSETCATALOG_COMPILER_GENERATE_SWIFT_ASSET_SYMBOL_EXTENSIONS = YES;
				CLANG_ANALYZER_NONNULL = YES;
				CLANG_ANALYZER_NUMBER_OBJECT_CONVERSION = YES_AGGRESSIVE;
				CLANG_CXX_LANGUAGE_STANDARD = "gnu++20";
				CLANG_ENABLE_MODULES = YES;
				CLANG_ENABLE_OBJC_ARC = YES;
				CLANG_ENABLE_OBJC_WEAK = YES;
				CLANG_WARN_BLOCK_CAPTURE_AUTORELEASING = YES;
				CLANG_WARN_BOOL_CONVERSION = YES;
				CLANG_WARN_COMMA = YES;
				CLANG_WARN_CONSTANT_CONVERSION = YES;
				CLANG_WARN_DEPRECATED_OBJC_IMPLEMENTATIONS = YES;
				CLANG_WARN_DIRECT_OBJC_ISA_USAGE = YES_ERROR;
				CLANG_WARN_DOCUMENTATION_COMMENTS = YES;
				CLANG_WARN_EMPTY_BODY = YES;
				CLANG_WARN_ENUM_CONVERSION = YES;
				CLANG_WARN_INFINITE_RECURSION = YES;
				CLANG_WARN_INT_CONVERSION = YES;
				CLANG_WARN_NON_LITERAL_NULL_CONVERSION = YES;
				CLANG_WARN_OBJC_IMPLICIT_RETAIN_SELF = YES;
				CLANG_WARN_OBJC_LITERAL_CONVERSION = YES;
				CLANG_WARN_OBJC_ROOT_CLASS = YES_ERROR;
				CLANG_WARN_QUOTED_INCLUDE_IN_FRAMEWORK_HEADER = YES;
				CLANG_WARN_RANGE_LOOP_ANALYSIS = YES;
				CLANG_WARN_STRICT_PROTOTYPES = YES;
				CLANG_WARN_SUSPICIOUS_MOVE = YES;
				CLANG_WARN_UNGUARDED_AVAILABILITY = YES_AGGRESSIVE;
				CLANG_WARN_UNREACHABLE_CODE = YES;
				CLANG_WARN__DUPLICATE_METHOD_MATCH = YES;
				COPY_PHASE_STRIP = NO;
				DEBUG_INFORMATION_FORMAT = dwarf;
				ENABLE_STRICT_OBJC_MSGSEND = YES;
				ENABLE_TESTABILITY = YES;
				ENABLE_USER_SCRIPT_SANDBOXING = YES;
				GCC_C_LANGUAGE_STANDARD = gnu17;
				GCC_DYNAMIC_NO_PIC = NO;
				GCC_NO_COMMON_BLOCKS = YES;
				GCC_OPTIMIZATION_LEVEL = 0;
				GCC_PREPROCESSOR_DEFINITIONS = (
					"DEBUG=1",
					"$(inherited)",
				);
				GCC_WARN_64_TO_32_BIT_CONVERSION = YES;
				GCC_WARN_ABOUT_RETURN_TYPE = YES_ERROR;
				GCC_WARN_UNDECLARED_SELECTOR = YES;
				GCC_WARN_UNINITIALIZED_AUTOS = YES_AGGRESSIVE;
				GCC_WARN_UNUSED_FUNCTION = YES;
				GCC_WARN_UNUSED_VARIABLE = YES;
				IPHONEOS_DEPLOYMENT_TARGET = 17.2;
				LOCALIZATION_PREFERS_STRING_CATALOGS = YES;
				MTL_ENABLE_DEBUG_INFO = INCLUDE_SOURCE;
				MTL_FAST_MATH = YES;
				ONLY_ACTIVE_ARCH = YES;
				SDKROOT = iphoneos;
				SWIFT_ACTIVE_COMPILATION_CONDITIONS = "DEBUG $(inherited)";
				SWIFT_OPTIMIZATION_LEVEL = "-Onone";
			};
			name = Debug;
		};
		8724B96D2F0C231C00E6D8D0 /* Release */ = {
			isa = XCBuildConfiguration;
			buildSettings = {
				ALWAYS_SEARCH_USER_PATHS = NO;
				ASSETCATALOG_COMPILER_GENERATE_SWIFT_ASSET_SYMBOL_EXTENSIONS = YES;
				CLANG_ANALYZER_NONNULL = YES;
				CLANG_ANALYZER_NUMBER_OBJECT_CONVERSION = YES_AGGRESSIVE;
				CLANG_CXX_LANGUAGE_STANDARD = "gnu++20";
				CLANG_ENABLE_MODULES = YES;
				CLANG_ENABLE_OBJC_ARC = YES;
				CLANG_ENABLE_OBJC_WEAK = YES;
				CLANG_WARN_BLOCK_CAPTURE_AUTORELEASING = YES;
				CLANG_WARN_BOOL_CONVERSION = YES;
				CLANG_WARN_COMMA = YES;
				CLANG_WARN_CONSTANT_CONVERSION = YES;
				CLANG_WARN_DEPRECATED_OBJC_IMPLEMENTATIONS = YES;
				CLANG_WARN_DIRECT_OBJC_ISA_USAGE = YES_ERROR;
				CLANG_WARN_DOCUMENTATION_COMMENTS = YES;
				CLANG_WARN_EMPTY_BODY = YES;
				CLANG_WARN_ENUM_CONVERSION = YES;
				CLANG_WARN_INFINITE_RECURSION = YES;
				CLANG_WARN_INT_CONVERSION = YES;
				CLANG_WARN_NON_LITERAL_NULL_CONVERSION = YES;
				CLANG_WARN_OBJC_IMPLICIT_RETAIN_SELF = YES;
				CLANG_WARN_OBJC_LITERAL_CONVERSION = YES;
				CLANG_WARN_OBJC_ROOT_CLASS = YES_ERROR;
				CLANG_WARN_QUOTED_INCLUDE_IN_FRAMEWORK_HEADER = YES;
				CLANG_WARN_RANGE_LOOP_ANALYSIS = YES;
				CLANG_WARN_STRICT_PROTOTYPES = YES;
				CLANG_WARN_SUSPICIOUS_MOVE = YES;
				CLANG_WARN_UNGUARDED_AVAILABILITY = YES_AGGRESSIVE;
				CLANG_WARN_UNREACHABLE_CODE = YES;
				CLANG_WARN__DUPLICATE_METHOD_MATCH = YES;
				COPY_PHASE_STRIP = NO;
				DEBUG_INFORMATION_FORMAT = "dwarf-with-dsym";
				ENABLE_NS_ASSERTIONS = NO;
				ENABLE_STRICT_OBJC_MSGSEND = YES;
				ENABLE_USER_SCRIPT_SANDBOXING = YES;
				GCC_C_LANGUAGE_STANDARD = gnu17;
				GCC_NO_COMMON_BLOCKS = YES;
				GCC_WARN_64_TO_32_BIT_CONVERSION = YES;
				GCC_WARN_ABOUT_RETURN_TYPE = YES_ERROR;
				GCC_WARN_UNDECLARED_SELECTOR = YES;
				GCC_WARN_UNINITIALIZED_AUTOS = YES_AGGRESSIVE;
				GCC_WARN_UNUSED_FUNCTION = YES;
				GCC_WARN_UNUSED_VARIABLE = YES;
				IPHONEOS_DEPLOYMENT_TARGET = 17.2;
				LOCALIZATION_PREFERS_STRING_CATALOGS = YES;
				MTL_ENABLE_DEBUG_INFO = NO;
				MTL_FAST_MATH = YES;
				SDKROOT = iphoneos;
				SWIFT_COMPILATION_MODE = wholemodule;
				VALIDATE_PRODUCT = YES;
			};
			name = Release;
		};
		8724B96F2F0C231C00E6D8D0 /* Debug */ = {
			isa = XCBuildConfiguration;
			buildSettings = {
				ASSETCATALOG_COMPILER_APPICON_NAME = AppIcon;
				ASSETCATALOG_COMPILER_GLOBAL_ACCENT_COLOR_NAME = AccentColor;
				CODE_SIGN_STYLE = Automatic;
				CURRENT_PROJECT_VERSION = 1;
				DEVELOPMENT_TEAM = DGT38H757X;
				GENERATE_INFOPLIST_FILE = YES;
				INFOPLIST_FILE = FunctionalitySearcher/Info.plist;
				INFOPLIST_KEY_UIApplicationSupportsIndirectInputEvents = YES;
				INFOPLIST_KEY_UILaunchStoryboardName = LaunchScreen;
				INFOPLIST_KEY_UIMainStoryboardFile = Main;
				INFOPLIST_KEY_UISupportedInterfaceOrientations_iPad = "UIInterfaceOrientationPortrait UIInterfaceOrientationPortraitUpsideDown UIInterfaceOrientationLandscapeLeft UIInterfaceOrientationLandscapeRight";
				INFOPLIST_KEY_UISupportedInterfaceOrientations_iPhone = "UIInterfaceOrientationPortrait UIInterfaceOrientationLandscapeLeft UIInterfaceOrientationLandscapeRight";
				IPHONEOS_DEPLOYMENT_TARGET = 16.0;
				LD_RUNPATH_SEARCH_PATHS = (
					"$(inherited)",
					"@executable_path/Frameworks",
				);
				MARKETING_VERSION = 1.0;
				PRODUCT_BUNDLE_IDENTIFIER = com.magofdl.FunctionalitySearcher;
				PRODUCT_NAME = "$(TARGET_NAME)";
				SWIFT_EMIT_LOC_STRINGS = YES;
				SWIFT_VERSION = 5.0;
				TARGETED_DEVICE_FAMILY = "1,2";
			};
			name = Debug;
		};
		8724B9702F0C231C00E6D8D0 /* Release */ = {
			isa = XCBuildConfiguration;
			buildSettings = {
				ASSETCATALOG_COMPILER_APPICON_NAME = AppIcon;
				ASSETCATALOG_COMPILER_GLOBAL_ACCENT_COLOR_NAME = AccentColor;
				CODE_SIGN_STYLE = Automatic;
				CURRENT_PROJECT_VERSION = 1;
				DEVELOPMENT_TEAM = DGT38H757X;
				GENERATE_INFOPLIST_FILE = YES;
				INFOPLIST_FILE = FunctionalitySearcher/Info.plist;
				INFOPLIST_KEY_UIApplicationSupportsIndirectInputEvents = YES;
				INFOPLIST_KEY_UILaunchStoryboardName = LaunchScreen;
				INFOPLIST_KEY_UIMainStoryboardFile = Main;
				INFOPLIST_KEY_UISupportedInterfaceOrientations_iPad = "UIInterfaceOrientationPortrait UIInterfaceOrientationPortraitUpsideDown UIInterfaceOrientationLandscapeLeft UIInterfaceOrientationLandscapeRight";
				INFOPLIST_KEY_UISupportedInterfaceOrientations_iPhone = "UIInterfaceOrientationPortrait UIInterfaceOrientationLandscapeLeft UIInterfaceOrientationLandscapeRight";
				IPHONEOS_DEPLOYMENT_TARGET = 16.0;
				LD_RUNPATH_SEARCH_PATHS = (
					"$(inherited)",
					"@executable_path/Frameworks",
				);
				MARKETING_VERSION = 1.0;
				PRODUCT_BUNDLE_IDENTIFIER = com.magofdl.FunctionalitySearcher;
				PRODUCT_NAME = "$(TARGET_NAME)";
				SWIFT_EMIT_LOC_STRINGS = YES;
				SWIFT_VERSION = 5.0;
				TARGETED_DEVICE_FAMILY = "1,2";
			};
			name = Release;
		};
		8724B9722F0C231C00E6D8D0 /* Debug */ = {
			isa = XCBuildConfiguration;
			buildSettings = {
				ALWAYS_EMBED_SWIFT_STANDARD_LIBRARIES = YES;
				BUNDLE_LOADER = "$(TEST_HOST)";
				CODE_SIGN_STYLE = Automatic;
				CURRENT_PROJECT_VERSION = 1;
				GENERATE_INFOPLIST_FILE = YES;
				IPHONEOS_DEPLOYMENT_TARGET = 17.2;
				MARKETING_VERSION = 1.0;
				PRODUCT_BUNDLE_IDENTIFIER = com.magofdl.FunctionalitySearcherTests;
				PRODUCT_NAME = "$(TARGET_NAME)";
				SWIFT_EMIT_LOC_STRINGS = NO;
				SWIFT_VERSION = 5.0;
				TARGETED_DEVICE_FAMILY = "1,2";
				TEST_HOST = "$(BUILT_PRODUCTS_DIR)/FunctionalitySearcher.app/$(BUNDLE_EXECUTABLE_FOLDER_PATH)/FunctionalitySearcher";
			};
			name = Debug;
		};
		8724B9732F0C231C00E6D8D0 /* Release */ = {
			isa = XCBuildConfiguration;
			buildSettings = {
				ALWAYS_EMBED_SWIFT_STANDARD_LIBRARIES = YES;
				BUNDLE_LOADER = "$(TEST_HOST)";
				CODE_SIGN_STYLE = Automatic;
				CURRENT_PROJECT_VERSION = 1;
				GENERATE_INFOPLIST_FILE = YES;
				IPHONEOS_DEPLOYMENT_TARGET = 17.2;
				MARKETING_VERSION = 1.0;
				PRODUCT_BUNDLE_IDENTIFIER = com.magofdl.FunctionalitySearcherTests;
				PRODUCT_NAME = "$(TARGET_NAME)";
				SWIFT_EMIT_LOC_STRINGS = NO;
				SWIFT_VERSION = 5.0;
				TARGETED_DEVICE_FAMILY = "1,2";
				TEST_HOST = "$(BUILT_PRODUCTS_DIR)/FunctionalitySearcher.app/$(BUNDLE_EXECUTABLE_FOLDER_PATH)/FunctionalitySearcher";
			};
			name = Release;
		};
/* End XCBuildConfiguration section */

/* Begin XCConfigurationList section */
		8724B93F2F0C231800E6D8D0 /* Build configuration list for PBXProject "FunctionalitySearcher" */ = {
			isa = XCConfigurationList;
			buildConfigurations = (
				8724B96C2F0C231C00E6D8D0 /* Debug */,
				8724B96D2F0C231C00E6D8D0 /* Release */,
			);
			defaultConfigurationIsVisible = 0;
			defaultConfigurationName = Release;
		};
		8724B96E2F0C231C00E6D8D0 /* Build configuration list for PBXNativeTarget "FunctionalitySearcher" */ = {
			isa = XCConfigurationList;
			buildConfigurations = (
				8724B96F2F0C231C00E6D8D0 /* Debug */,
				8724B9702F0C231C00E6D8D0 /* Release */,
			);
			defaultConfigurationIsVisible = 0;
			defaultConfigurationName = Release;
		};
		8724B9712F0C231C00E6D8D0 /* Build configuration list for PBXNativeTarget "FunctionalitySearcherTests" */ = {
			isa = XCConfigurationList;
			buildConfigurations = (
				8724B9722F0C231C00E6D8D0 /* Debug */,
				8724B9732F0C231C00E6D8D0 /* Release */,
			);
			defaultConfigurationIsVisible = 0;
			defaultConfigurationName = Release;
		};
/* End XCConfigurationList section */
	};
	rootObject = 8724B93C2F0C231800E6D8D0 /* Project object */;
}
